
Microsoft Visual Studio Solution File, Format Version 12.00
# Visual Studio 2012
Project("{FAE04EC0-301F-11D3-BF4B-00C04F79EFBC}") = "ZT.Web-vs2012", "ZT.Web\ZT.Web-vs2012.csproj", "{8A39F91F-2C4B-4051-8EEB-B89F771A403C}"
EndProject
Project("{2150E333-8FDC-42A3-9474-1A3956D46DE8}") = "UI", "UI", "{75915557-8069-46ED-97B4-7CB2DB90C2D1}"
EndProject
Project("{2150E333-8FDC-42A3-9474-1A3956D46DE8}") = "Document", "Document", "{266BD6B6-70CD-4551-AED8-C1F37FE455CD}"
EndProject
Project("{FAE04EC0-301F-11D3-BF4B-00C04F79EFBC}") = "WebResource", "..\document\WebResource\WebResource.csproj", "{C12293FF-981D-4FBE-9179-EAD15221EAC3}"
EndProject
Project("{2150E333-8FDC-42A3-9474-1A3956D46DE8}") = "PrivateLibrary", "PrivateLibrary", "{DA9BB5D6-BE40-4EEF-A3F1-D39D8CAAC879}"
EndProject
Project("{2150E333-8FDC-42A3-9474-1A3956D46DE8}") = "ZT.Api", "ZT.Api", "{AED08DEE-DFA0-4A5B-8DE7-844F2C48A228}"
EndProject
Project("{2150E333-8FDC-42A3-9474-1A3956D46DE8}") = "ZT.Common", "ZT.Common", "{F161D0A0-A503-4EA2-8A0E-810AECF4E35B}"
EndProject
Project("{2150E333-8FDC-42A3-9474-1A3956D46DE8}") = "ZT.Data", "ZT.Data", "{83D3CC9B-0F61-445C-A55E-F74A272FAC48}"
EndProject
Project("{FAE04EC0-301F-11D3-BF4B-00C04F79EFBC}") = "ZT.Api", "..\PrivateLibrary\ZT.Api\ZT.Api.csproj", "{1EFA69DF-DF56-4597-9439-B5F4A69962DD}"
EndProject
Project("{FAE04EC0-301F-11D3-BF4B-00C04F79EFBC}") = "ZT.Common", "..\PrivateLibrary\ZT.Common\ZT.Common.csproj", "{0DA38FF3-A758-49CF-8E07-26F5DDAF9D64}"
EndProject
Project("{2150E333-8FDC-42A3-9474-1A3956D46DE8}") = "CodeBuilder", "CodeBuilder", "{9BAAE840-28B6-4570-AE2B-A80283DEB717}"
EndProject
Project("{2150E333-8FDC-42A3-9474-1A3956D46DE8}") = "MSSQL_Access", "MSSQL_Access", "{1589A56F-EDA8-4FB3-B5C9-492D2F5ECB34}"
EndProject
Project("{2150E333-8FDC-42A3-9474-1A3956D46DE8}") = "NHibernate", "NHibernate", "{2EF41C80-D427-4168-B319-DF32577857D9}"
EndProject
Project("{2150E333-8FDC-42A3-9474-1A3956D46DE8}") = "Share", "Share", "{AF65FEF6-4128-45B2-A6F4-F8F4AB735ED4}"
EndProject
Project("{FAE04EC0-301F-11D3-BF4B-00C04F79EFBC}") = "ZT.CodeBuilder.MssqlAccess", "..\PrivateLibrary\ZT.Data\CodeBuilder\ZT.CodeBuilder.MssqlAccess\ZT.CodeBuilder.MssqlAccess.csproj", "{A091CCBC-F898-499A-9D9D-300485212A81}"
EndProject
Project("{FAE04EC0-301F-11D3-BF4B-00C04F79EFBC}") = "OpaqueLayer", "..\PrivateLibrary\ZT.Data\CodeBuilder\OpaqueLayer\OpaqueLayer.csproj", "{AACD3BC6-2E15-4A43-B1A4-45526834265E}"
EndProject
Project("{FAE04EC0-301F-11D3-BF4B-00C04F79EFBC}") = "ZT.BusinessLogic.MSSQL_ACCESS", "..\PrivateLibrary\ZT.Data\MSSQL&Access\ZT.BusinessLogic\ZT.BusinessLogic.MSSQL_ACCESS.csproj", "{70BA38D0-4D44-406B-817E-6874280E4861}"
EndProject
Project("{FAE04EC0-301F-11D3-BF4B-00C04F79EFBC}") = "ZT.DataAccess.MSSQL_Access", "..\PrivateLibrary\ZT.Data\MSSQL&Access\ZT.DataAccess.MSSQL_Access\ZT.DataAccess.MSSQL_Access.csproj", "{9D437BF4-3D92-471B-A739-C5E865144EAD}"
EndProject
Project("{FAE04EC0-301F-11D3-BF4B-00C04F79EFBC}") = "ZT.Model.MSSQL_ACCESS", "..\PrivateLibrary\ZT.Data\MSSQL&Access\ZT.Model\ZT.Model.MSSQL_ACCESS.csproj", "{A93FA95F-745F-4E11-9BAF-F4255AE4437C}"
EndProject
Project("{FAE04EC0-301F-11D3-BF4B-00C04F79EFBC}") = "NH.Dal", "..\PrivateLibrary\ZT.Data\NHibernate\NH.Dal\NH.Dal.csproj", "{29E8AE54-27E2-4395-BABA-F34F8A8374EA}"
EndProject
Project("{FAE04EC0-301F-11D3-BF4B-00C04F79EFBC}") = "NHEntity", "..\PrivateLibrary\ZT.Data\NHibernate\NHEntity.Entities\NHEntity.csproj", "{2D85EACF-3D47-4E6B-A45A-A9C729C49033}"
EndProject
Project("{FAE04EC0-301F-11D3-BF4B-00C04F79EFBC}") = "ZT.Share", "..\PrivateLibrary\ZT.Data\Share\Share\ZT.Share.csproj", "{6B699857-8B14-4357-BA14-A8662A45DC5A}"
EndProject
Project("{2150E333-8FDC-42A3-9474-1A3956D46DE8}") = "PublicLiberary", "PublicLiberary", "{A6DB6219-15EB-4E92-8743-6356E308DBA6}"
EndProject
Project("{FAE04EC0-301F-11D3-BF4B-00C04F79EFBC}") = "UtilityCollection", "..\PublicLiberary\UtilityCollection\UtilityCollection.csproj", "{66FE7177-A904-4A21-B5F1-0A52B4103E6A}"
EndProject
Project("{FAE04EC0-301F-11D3-BF4B-00C04F79EFBC}") = "JavascriptCollection", "JavascriptCollection\JavascriptCollection.csproj", "{C864E19A-E19E-459F-B594-03C10F133C43}"
EndProject
Project("{FAE04EC0-301F-11D3-BF4B-00C04F79EFBC}") = "IPLibrary", "..\PublicLiberary\IPLibrary\IPLibrary.csproj", "{B769D3AE-3332-4EC4-9B29-721FD995BD67}"
EndProject
Global
	GlobalSection(SolutionConfigurationPlatforms) = preSolution
		Debug|Any CPU = Debug|Any CPU
		Debug|Mixed Platforms = Debug|Mixed Platforms
		Debug|x86 = Debug|x86
		Release|Any CPU = Release|Any CPU
		Release|Mixed Platforms = Release|Mixed Platforms
		Release|x86 = Release|x86
	EndGlobalSection
	GlobalSection(ProjectConfigurationPlatforms) = postSolution
		{8A39F91F-2C4B-4051-8EEB-B89F771A403C}.Debug|Any CPU.ActiveCfg = Debug|Any CPU
		{8A39F91F-2C4B-4051-8EEB-B89F771A403C}.Debug|Any CPU.Build.0 = Debug|Any CPU
		{8A39F91F-2C4B-4051-8EEB-B89F771A403C}.Debug|Mixed Platforms.ActiveCfg = Debug|Any CPU
		{8A39F91F-2C4B-4051-8EEB-B89F771A403C}.Debug|Mixed Platforms.Build.0 = Debug|Any CPU
		{8A39F91F-2C4B-4051-8EEB-B89F771A403C}.Debug|x86.ActiveCfg = Debug|Any CPU
		{8A39F91F-2C4B-4051-8EEB-B89F771A403C}.Release|Any CPU.ActiveCfg = Release|Any CPU
		{8A39F91F-2C4B-4051-8EEB-B89F771A403C}.Release|Any CPU.Build.0 = Release|Any CPU
		{8A39F91F-2C4B-4051-8EEB-B89F771A403C}.Release|Mixed Platforms.ActiveCfg = Release|Any CPU
		{8A39F91F-2C4B-4051-8EEB-B89F771A403C}.Release|Mixed Platforms.Build.0 = Release|Any CPU
		{8A39F91F-2C4B-4051-8EEB-B89F771A403C}.Release|x86.ActiveCfg = Release|Any CPU
		{C12293FF-981D-4FBE-9179-EAD15221EAC3}.Debug|Any CPU.ActiveCfg = Debug|Any CPU
		{C12293FF-981D-4FBE-9179-EAD15221EAC3}.Debug|Any CPU.Build.0 = Debug|Any CPU
		{C12293FF-981D-4FBE-9179-EAD15221EAC3}.Debug|Mixed Platforms.ActiveCfg = Debug|Any CPU
		{C12293FF-981D-4FBE-9179-EAD15221EAC3}.Debug|Mixed Platforms.Build.0 = Debug|Any CPU
		{C12293FF-981D-4FBE-9179-EAD15221EAC3}.Debug|x86.ActiveCfg = Debug|Any CPU
		{C12293FF-981D-4FBE-9179-EAD15221EAC3}.Release|Any CPU.ActiveCfg = Release|Any CPU
		{C12293FF-981D-4FBE-9179-EAD15221EAC3}.Release|Any CPU.Build.0 = Release|Any CPU
		{C12293FF-981D-4FBE-9179-EAD15221EAC3}.Release|Mixed Platforms.ActiveCfg = Release|Any CPU
		{C12293FF-981D-4FBE-9179-EAD15221EAC3}.Release|Mixed Platforms.Build.0 = Release|Any CPU
		{C12293FF-981D-4FBE-9179-EAD15221EAC3}.Release|x86.ActiveCfg = Release|Any CPU
		{1EFA69DF-DF56-4597-9439-B5F4A69962DD}.Debug|Any CPU.ActiveCfg = Debug|Any CPU
		{1EFA69DF-DF56-4597-9439-B5F4A69962DD}.Debug|Any CPU.Build.0 = Debug|Any CPU
		{1EFA69DF-DF56-4597-9439-B5F4A69962DD}.Debug|Mixed Platforms.ActiveCfg = Debug|Any CPU
		{1EFA69DF-DF56-4597-9439-B5F4A69962DD}.Debug|Mixed Platforms.Build.0 = Debug|Any CPU
		{1EFA69DF-DF56-4597-9439-B5F4A69962DD}.Debug|x86.ActiveCfg = Debug|Any CPU
		{1EFA69DF-DF56-4597-9439-B5F4A69962DD}.Release|Any CPU.ActiveCfg = Release|Any CPU
		{1EFA69DF-DF56-4597-9439-B5F4A69962DD}.Release|Any CPU.Build.0 = Release|Any CPU
		{1EFA69DF-DF56-4597-9439-B5F4A69962DD}.Release|Mixed Platforms.ActiveCfg = Release|Any CPU
		{1EFA69DF-DF56-4597-9439-B5F4A69962DD}.Release|Mixed Platforms.Build.0 = Release|Any CPU
		{1EFA69DF-DF56-4597-9439-B5F4A69962DD}.Release|x86.ActiveCfg = Release|Any CPU
		{0DA38FF3-A758-49CF-8E07-26F5DDAF9D64}.Debug|Any CPU.ActiveCfg = Debug|Any CPU
		{0DA38FF3-A758-49CF-8E07-26F5DDAF9D64}.Debug|Any CPU.Build.0 = Debug|Any CPU
		{0DA38FF3-A758-49CF-8E07-26F5DDAF9D64}.Debug|Mixed Platforms.ActiveCfg = Debug|Any CPU
		{0DA38FF3-A758-49CF-8E07-26F5DDAF9D64}.Debug|Mixed Platforms.Build.0 = Debug|Any CPU
		{0DA38FF3-A758-49CF-8E07-26F5DDAF9D64}.Debug|x86.ActiveCfg = Debug|Any CPU
		{0DA38FF3-A758-49CF-8E07-26F5DDAF9D64}.Release|Any CPU.ActiveCfg = Release|Any CPU
		{0DA38FF3-A758-49CF-8E07-26F5DDAF9D64}.Release|Any CPU.Build.0 = Release|Any CPU
		{0DA38FF3-A758-49CF-8E07-26F5DDAF9D64}.Release|Mixed Platforms.ActiveCfg = Release|Any CPU
		{0DA38FF3-A758-49CF-8E07-26F5DDAF9D64}.Release|Mixed Platforms.Build.0 = Release|Any CPU
		{0DA38FF3-A758-49CF-8E07-26F5DDAF9D64}.Release|x86.ActiveCfg = Release|Any CPU
		{A091CCBC-F898-499A-9D9D-300485212A81}.Debug|Any CPU.ActiveCfg = Debug|x86
		{A091CCBC-F898-499A-9D9D-300485212A81}.Debug|Mixed Platforms.ActiveCfg = Debug|x86
		{A091CCBC-F898-499A-9D9D-300485212A81}.Debug|Mixed Platforms.Build.0 = Debug|x86
		{A091CCBC-F898-499A-9D9D-300485212A81}.Debug|x86.ActiveCfg = Debug|x86
		{A091CCBC-F898-499A-9D9D-300485212A81}.Debug|x86.Build.0 = Debug|x86
		{A091CCBC-F898-499A-9D9D-300485212A81}.Release|Any CPU.ActiveCfg = Release|x86
		{A091CCBC-F898-499A-9D9D-300485212A81}.Release|Mixed Platforms.ActiveCfg = Release|x86
		{A091CCBC-F898-499A-9D9D-300485212A81}.Release|Mixed Platforms.Build.0 = Release|x86
		{A091CCBC-F898-499A-9D9D-300485212A81}.Release|x86.ActiveCfg = Release|x86
		{A091CCBC-F898-499A-9D9D-300485212A81}.Release|x86.Build.0 = Release|x86
		{AACD3BC6-2E15-4A43-B1A4-45526834265E}.Debug|Any CPU.ActiveCfg = Debug|Any CPU
		{AACD3BC6-2E15-4A43-B1A4-45526834265E}.Debug|Any CPU.Build.0 = Debug|Any CPU
		{AACD3BC6-2E15-4A43-B1A4-45526834265E}.Debug|Mixed Platforms.ActiveCfg = Debug|Any CPU
		{AACD3BC6-2E15-4A43-B1A4-45526834265E}.Debug|Mixed Platforms.Build.0 = Debug|Any CPU
		{AACD3BC6-2E15-4A43-B1A4-45526834265E}.Debug|x86.ActiveCfg = Debug|Any CPU
		{AACD3BC6-2E15-4A43-B1A4-45526834265E}.Release|Any CPU.ActiveCfg = Release|Any CPU
		{AACD3BC6-2E15-4A43-B1A4-45526834265E}.Release|Any CPU.Build.0 = Release|Any CPU
		{AACD3BC6-2E15-4A43-B1A4-45526834265E}.Release|Mixed Platforms.ActiveCfg = Release|Any CPU
		{AACD3BC6-2E15-4A43-B1A4-45526834265E}.Release|Mixed Platforms.Build.0 = Release|Any CPU
		{AACD3BC6-2E15-4A43-B1A4-45526834265E}.Release|x86.ActiveCfg = Release|Any CPU
		{70BA38D0-4D44-406B-817E-6874280E4861}.Debug|Any CPU.ActiveCfg = Debug|Any CPU
		{70BA38D0-4D44-406B-817E-6874280E4861}.Debug|Any CPU.Build.0 = Debug|Any CPU
		{70BA38D0-4D44-406B-817E-6874280E4861}.Debug|Mixed Platforms.ActiveCfg = Debug|Any CPU
		{70BA38D0-4D44-406B-817E-6874280E4861}.Debug|Mixed Platforms.Build.0 = Debug|Any CPU
		{70BA38D0-4D44-406B-817E-6874280E4861}.Debug|x86.ActiveCfg = Debug|Any CPU
		{70BA38D0-4D44-406B-817E-6874280E4861}.Release|Any CPU.ActiveCfg = Release|Any CPU
		{70BA38D0-4D44-406B-817E-6874280E4861}.Release|Any CPU.Build.0 = Release|Any CPU
		{70BA38D0-4D44-406B-817E-6874280E4861}.Release|Mixed Platforms.ActiveCfg = Release|Any CPU
		{70BA38D0-4D44-406B-817E-6874280E4861}.Release|Mixed Platforms.Build.0 = Release|Any CPU
		{70BA38D0-4D44-406B-817E-6874280E4861}.Release|x86.ActiveCfg = Release|Any CPU
		{9D437BF4-3D92-471B-A739-C5E865144EAD}.Debug|Any CPU.ActiveCfg = Debug|Any CPU
		{9D437BF4-3D92-471B-A739-C5E865144EAD}.Debug|Any CPU.Build.0 = Debug|Any CPU
		{9D437BF4-3D92-471B-A739-C5E865144EAD}.Debug|Mixed Platforms.ActiveCfg = Debug|Any CPU
		{9D437BF4-3D92-471B-A739-C5E865144EAD}.Debug|Mixed Platforms.Build.0 = Debug|Any CPU
		{9D437BF4-3D92-471B-A739-C5E865144EAD}.Debug|x86.ActiveCfg = Debug|Any CPU
		{9D437BF4-3D92-471B-A739-C5E865144EAD}.Release|Any CPU.ActiveCfg = Release|Any CPU
		{9D437BF4-3D92-471B-A739-C5E865144EAD}.Release|Any CPU.Build.0 = Release|Any CPU
		{9D437BF4-3D92-471B-A739-C5E865144EAD}.Release|Mixed Platforms.ActiveCfg = Release|Any CPU
		{9D437BF4-3D92-471B-A739-C5E865144EAD}.Release|Mixed Platforms.Build.0 = Release|Any CPU
		{9D437BF4-3D92-471B-A739-C5E865144EAD}.Release|x86.ActiveCfg = Release|Any CPU
		{A93FA95F-745F-4E11-9BAF-F4255AE4437C}.Debug|Any CPU.ActiveCfg = Debug|Any CPU
		{A93FA95F-745F-4E11-9BAF-F4255AE4437C}.Debug|Any CPU.Build.0 = Debug|Any CPU
		{A93FA95F-745F-4E11-9BAF-F4255AE4437C}.Debug|Mixed Platforms.ActiveCfg = Debug|Any CPU
		{A93FA95F-745F-4E11-9BAF-F4255AE4437C}.Debug|Mixed Platforms.Build.0 = Debug|Any CPU
		{A93FA95F-745F-4E11-9BAF-F4255AE4437C}.Debug|x86.ActiveCfg = Debug|Any CPU
		{A93FA95F-745F-4E11-9BAF-F4255AE4437C}.Release|Any CPU.ActiveCfg = Release|Any CPU
		{A93FA95F-745F-4E11-9BAF-F4255AE4437C}.Release|Any CPU.Build.0 = Release|Any CPU
		{A93FA95F-745F-4E11-9BAF-F4255AE4437C}.Release|Mixed Platforms.ActiveCfg = Release|Any CPU
		{A93FA95F-745F-4E11-9BAF-F4255AE4437C}.Release|Mixed Platforms.Build.0 = Release|Any CPU
		{A93FA95F-745F-4E11-9BAF-F4255AE4437C}.Release|x86.ActiveCfg = Release|Any CPU
		{29E8AE54-27E2-4395-BABA-F34F8A8374EA}.Debug|Any CPU.ActiveCfg = Debug|Any CPU
		{29E8AE54-27E2-4395-BABA-F34F8A8374EA}.Debug|Any CPU.Build.0 = Debug|Any CPU
		{29E8AE54-27E2-4395-BABA-F34F8A8374EA}.Debug|Mixed Platforms.ActiveCfg = Debug|Any CPU
		{29E8AE54-27E2-4395-BABA-F34F8A8374EA}.Debug|Mixed Platforms.Build.0 = Debug|Any CPU
		{29E8AE54-27E2-4395-BABA-F34F8A8374EA}.Debug|x86.ActiveCfg = Debug|Any CPU
		{29E8AE54-27E2-4395-BABA-F34F8A8374EA}.Release|Any CPU.ActiveCfg = Release|Any CPU
		{29E8AE54-27E2-4395-BABA-F34F8A8374EA}.Release|Any CPU.Build.0 = Release|Any CPU
		{29E8AE54-27E2-4395-BABA-F34F8A8374EA}.Release|Mixed Platforms.ActiveCfg = Release|Any CPU
		{29E8AE54-27E2-4395-BABA-F34F8A8374EA}.Release|Mixed Platforms.Build.0 = Release|Any CPU
		{29E8AE54-27E2-4395-BABA-F34F8A8374EA}.Release|x86.ActiveCfg = Release|Any CPU
		{2D85EACF-3D47-4E6B-A45A-A9C729C49033}.Debug|Any CPU.ActiveCfg = Debug|Any CPU
		{2D85EACF-3D47-4E6B-A45A-A9C729C49033}.Debug|Any CPU.Build.0 = Debug|Any CPU
		{2D85EACF-3D47-4E6B-A45A-A9C729C49033}.Debug|Mixed Platforms.ActiveCfg = Debug|Any CPU
		{2D85EACF-3D47-4E6B-A45A-A9C729C49033}.Debug|Mixed Platforms.Build.0 = Debug|Any CPU
		{2D85EACF-3D47-4E6B-A45A-A9C729C49033}.Debug|x86.ActiveCfg = Debug|Any CPU
		{2D85EACF-3D47-4E6B-A45A-A9C729C49033}.Release|Any CPU.ActiveCfg = Release|Any CPU
		{2D85EACF-3D47-4E6B-A45A-A9C729C49033}.Release|Any CPU.Build.0 = Release|Any CPU
		{2D85EACF-3D47-4E6B-A45A-A9C729C49033}.Release|Mixed Platforms.ActiveCfg = Release|Any CPU
		{2D85EACF-3D47-4E6B-A45A-A9C729C49033}.Release|Mixed Platforms.Build.0 = Release|Any CPU
		{2D85EACF-3D47-4E6B-A45A-A9C729C49033}.Release|x86.ActiveCfg = Release|Any CPU
		{6B699857-8B14-4357-BA14-A8662A45DC5A}.Debug|Any CPU.ActiveCfg = Debug|Any CPU
		{6B699857-8B14-4357-BA14-A8662A45DC5A}.Debug|Any CPU.Build.0 = Debug|Any CPU
		{6B699857-8B14-4357-BA14-A8662A45DC5A}.Debug|Mixed Platforms.ActiveCfg = Debug|Any CPU
		{6B699857-8B14-4357-BA14-A8662A45DC5A}.Debug|Mixed Platforms.Build.0 = Debug|Any CPU
		{6B699857-8B14-4357-BA14-A8662A45DC5A}.Debug|x86.ActiveCfg = Debug|Any CPU
		{6B699857-8B14-4357-BA14-A8662A45DC5A}.Release|Any CPU.ActiveCfg = Release|Any CPU
		{6B699857-8B14-4357-BA14-A8662A45DC5A}.Release|Any CPU.Build.0 = Release|Any CPU
		{6B699857-8B14-4357-BA14-A8662A45DC5A}.Release|Mixed Platforms.ActiveCfg = Release|Any CPU
		{6B699857-8B14-4357-BA14-A8662A45DC5A}.Release|Mixed Platforms.Build.0 = Release|Any CPU
		{6B699857-8B14-4357-BA14-A8662A45DC5A}.Release|x86.ActiveCfg = Release|Any CPU
		{66FE7177-A904-4A21-B5F1-0A52B4103E6A}.Debug|Any CPU.ActiveCfg = Debug|Any CPU
		{66FE7177-A904-4A21-B5F1-0A52B4103E6A}.Debug|Any CPU.Build.0 = Debug|Any CPU
		{66FE7177-A904-4A21-B5F1-0A52B4103E6A}.Debug|Mixed Platforms.ActiveCfg = Debug|Any CPU
		{66FE7177-A904-4A21-B5F1-0A52B4103E6A}.Debug|Mixed Platforms.Build.0 = Debug|Any CPU
		{66FE7177-A904-4A21-B5F1-0A52B4103E6A}.Debug|x86.ActiveCfg = Debug|Any CPU
		{66FE7177-A904-4A21-B5F1-0A52B4103E6A}.Release|Any CPU.ActiveCfg = Release|Any CPU
		{66FE7177-A904-4A21-B5F1-0A52B4103E6A}.Release|Any CPU.Build.0 = Release|Any CPU
		{66FE7177-A904-4A21-B5F1-0A52B4103E6A}.Release|Mixed Platforms.ActiveCfg = Release|Any CPU
		{66FE7177-A904-4A21-B5F1-0A52B4103E6A}.Release|Mixed Platforms.Build.0 = Release|Any CPU
		{66FE7177-A904-4A21-B5F1-0A52B4103E6A}.Release|x86.ActiveCfg = Release|Any CPU
		{C864E19A-E19E-459F-B594-03C10F133C43}.Debug|Any CPU.ActiveCfg = Debug|Any CPU
		{C864E19A-E19E-459F-B594-03C10F133C43}.Debug|Any CPU.Build.0 = Debug|Any CPU
		{C864E19A-E19E-459F-B594-03C10F133C43}.Debug|Mixed Platforms.ActiveCfg = Debug|Any CPU
		{C864E19A-E19E-459F-B594-03C10F133C43}.Debug|Mixed Platforms.Build.0 = Debug|Any CPU
		{C864E19A-E19E-459F-B594-03C10F133C43}.Debug|x86.ActiveCfg = Debug|Any CPU
		{C864E19A-E19E-459F-B594-03C10F133C43}.Release|Any CPU.ActiveCfg = Release|Any CPU
		{C864E19A-E19E-459F-B594-03C10F133C43}.Release|Any CPU.Build.0 = Release|Any CPU
		{C864E19A-E19E-459F-B594-03C10F133C43}.Release|Mixed Platforms.ActiveCfg = Release|Any CPU
		{C864E19A-E19E-459F-B594-03C10F133C43}.Release|Mixed Platforms.Build.0 = Release|Any CPU
		{C864E19A-E19E-459F-B594-03C10F133C43}.Release|x86.ActiveCfg = Release|Any CPU
		{B769D3AE-3332-4EC4-9B29-721FD995BD67}.Debug|Any CPU.ActiveCfg = Debug|Any CPU
		{B769D3AE-3332-4EC4-9B29-721FD995BD67}.Debug|Any CPU.Build.0 = Debug|Any CPU
		{B769D3AE-3332-4EC4-9B29-721FD995BD67}.Debug|Mixed Platforms.ActiveCfg = Debug|Any CPU
		{B769D3AE-3332-4EC4-9B29-721FD995BD67}.Debug|Mixed Platforms.Build.0 = Debug|Any CPU
		{B769D3AE-3332-4EC4-9B29-721FD995BD67}.Debug|x86.ActiveCfg = Debug|Any CPU
		{B769D3AE-3332-4EC4-9B29-721FD995BD67}.Release|Any CPU.ActiveCfg = Release|Any CPU
		{B769D3AE-3332-4EC4-9B29-721FD995BD67}.Release|Any CPU.Build.0 = Release|Any CPU
		{B769D3AE-3332-4EC4-9B29-721FD995BD67}.Release|Mixed Platforms.ActiveCfg = Release|Any CPU
		{B769D3AE-3332-4EC4-9B29-721FD995BD67}.Release|Mixed Platforms.Build.0 = Release|Any CPU
		{B769D3AE-3332-4EC4-9B29-721FD995BD67}.Release|x86.ActiveCfg = Release|Any CPU
	EndGlobalSection
	GlobalSection(SolutionProperties) = preSolution
		HideSolutionNode = FALSE
	EndGlobalSection
	GlobalSection(NestedProjects) = preSolution
		{8A39F91F-2C4B-4051-8EEB-B89F771A403C} = {75915557-8069-46ED-97B4-7CB2DB90C2D1}
		{C12293FF-981D-4FBE-9179-EAD15221EAC3} = {266BD6B6-70CD-4551-AED8-C1F37FE455CD}
		{AED08DEE-DFA0-4A5B-8DE7-844F2C48A228} = {DA9BB5D6-BE40-4EEF-A3F1-D39D8CAAC879}
		{F161D0A0-A503-4EA2-8A0E-810AECF4E35B} = {DA9BB5D6-BE40-4EEF-A3F1-D39D8CAAC879}
		{83D3CC9B-0F61-445C-A55E-F74A272FAC48} = {DA9BB5D6-BE40-4EEF-A3F1-D39D8CAAC879}
		{1EFA69DF-DF56-4597-9439-B5F4A69962DD} = {AED08DEE-DFA0-4A5B-8DE7-844F2C48A228}
		{0DA38FF3-A758-49CF-8E07-26F5DDAF9D64} = {F161D0A0-A503-4EA2-8A0E-810AECF4E35B}
		{9BAAE840-28B6-4570-AE2B-A80283DEB717} = {83D3CC9B-0F61-445C-A55E-F74A272FAC48}
		{1589A56F-EDA8-4FB3-B5C9-492D2F5ECB34} = {83D3CC9B-0F61-445C-A55E-F74A272FAC48}
		{2EF41C80-D427-4168-B319-DF32577857D9} = {83D3CC9B-0F61-445C-A55E-F74A272FAC48}
		{AF65FEF6-4128-45B2-A6F4-F8F4AB735ED4} = {83D3CC9B-0F61-445C-A55E-F74A272FAC48}
		{A091CCBC-F898-499A-9D9D-300485212A81} = {9BAAE840-28B6-4570-AE2B-A80283DEB717}
		{AACD3BC6-2E15-4A43-B1A4-45526834265E} = {9BAAE840-28B6-4570-AE2B-A80283DEB717}
		{70BA38D0-4D44-406B-817E-6874280E4861} = {1589A56F-EDA8-4FB3-B5C9-492D2F5ECB34}
		{9D437BF4-3D92-471B-A739-C5E865144EAD} = {1589A56F-EDA8-4FB3-B5C9-492D2F5ECB34}
		{A93FA95F-745F-4E11-9BAF-F4255AE4437C} = {1589A56F-EDA8-4FB3-B5C9-492D2F5ECB34}
		{29E8AE54-27E2-4395-BABA-F34F8A8374EA} = {2EF41C80-D427-4168-B319-DF32577857D9}
		{2D85EACF-3D47-4E6B-A45A-A9C729C49033} = {2EF41C80-D427-4168-B319-DF32577857D9}
		{6B699857-8B14-4357-BA14-A8662A45DC5A} = {AF65FEF6-4128-45B2-A6F4-F8F4AB735ED4}
		{66FE7177-A904-4A21-B5F1-0A52B4103E6A} = {A6DB6219-15EB-4E92-8743-6356E308DBA6}
		{C864E19A-E19E-459F-B594-03C10F133C43} = {A6DB6219-15EB-4E92-8743-6356E308DBA6}
		{B769D3AE-3332-4EC4-9B29-721FD995BD67} = {A6DB6219-15EB-4E92-8743-6356E308DBA6}
	EndGlobalSection
EndGlobal
