
Microsoft Visual Studio Solution File, Format Version 11.00
# Visual Studio 2010
Project("{FAE04EC0-301F-11D3-BF4B-00C04F79EFBC}") = "ZT.Common", "..\PrivateLibrary\ZT.Common\ZT.Common.csproj", "{0DA38FF3-A758-49CF-8E07-26F5DDAF9D64}"
EndProject
Project("{FAE04EC0-301F-11D3-BF4B-00C04F79EFBC}") = "ZT.Model.MSSQL_ACCESS", "..\PrivateLibrary\ZT.Data\MSSQL&Access\ZT.Model\ZT.Model.MSSQL_ACCESS.csproj", "{A93FA95F-745F-4E11-9BAF-F4255AE4437C}"
EndProject
Project("{FAE04EC0-301F-11D3-BF4B-00C04F79EFBC}") = "ZT.Web", "ZT.Web\ZT.Web.csproj", "{8A39F91F-2C4B-4051-8EEB-B89F771A403C}"
EndProject
Project("{2150E333-8FDC-42A3-9474-1A3956D46DE8}") = "ZT.UI", "ZT.UI", "{FD5F095E-E098-48B7-9F66-B8F47139310A}"
EndProject
Project("{2150E333-8FDC-42A3-9474-1A3956D46DE8}") = "PrivateLibrary", "PrivateLibrary", "{638D36DA-B298-44A8-816C-FA264828CF0D}"
EndProject
Project("{2150E333-8FDC-42A3-9474-1A3956D46DE8}") = "ZT.Data", "ZT.Data", "{9DFABA50-A050-494F-9C1A-35D48EBA8305}"
EndProject
Project("{2150E333-8FDC-42A3-9474-1A3956D46DE8}") = "MSSQL_Access", "MSSQL_Access", "{B46BE2A5-B5E7-4A47-ACE1-85EBCF8A5FF7}"
EndProject
Project("{2150E333-8FDC-42A3-9474-1A3956D46DE8}") = "Share", "Share", "{6C4E1831-6DE1-437B-8772-DD16C949ABCC}"
EndProject
Project("{FAE04EC0-301F-11D3-BF4B-00C04F79EFBC}") = "ZT.Share", "..\PrivateLibrary\ZT.Data\Share\Share\ZT.Share.csproj", "{6B699857-8B14-4357-BA14-A8662A45DC5A}"
EndProject
Project("{FAE04EC0-301F-11D3-BF4B-00C04F79EFBC}") = "ZT.DataAccess.MSSQL_Access", "..\PrivateLibrary\ZT.Data\MSSQL&Access\ZT.DataAccess.MSSQL_Access\ZT.DataAccess.MSSQL_Access.csproj", "{9D437BF4-3D92-471B-A739-C5E865144EAD}"
EndProject
Project("{2150E333-8FDC-42A3-9474-1A3956D46DE8}") = "CodeBuilder", "CodeBuilder", "{270BDB77-8346-41A9-AF5B-2ECA81AA6707}"
EndProject
Project("{FAE04EC0-301F-11D3-BF4B-00C04F79EFBC}") = "ZT.BusinessLogic.MSSQL_ACCESS", "..\PrivateLibrary\ZT.Data\MSSQL&Access\ZT.BusinessLogic\ZT.BusinessLogic.MSSQL_ACCESS.csproj", "{70BA38D0-4D44-406B-817E-6874280E4861}"
EndProject
Project("{2150E333-8FDC-42A3-9474-1A3956D46DE8}") = "PublicLibrary", "PublicLibrary", "{5F2B6BEB-B656-44CA-A520-E29BD85A9599}"
EndProject
Project("{FAE04EC0-301F-11D3-BF4B-00C04F79EFBC}") = "UtilityCollection", "..\PublicLiberary\UtilityCollection\UtilityCollection.csproj", "{66FE7177-A904-4A21-B5F1-0A52B4103E6A}"
EndProject
Project("{FAE04EC0-301F-11D3-BF4B-00C04F79EFBC}") = "ZT.CodeBuilder.MssqlAccess", "..\PrivateLibrary\ZT.Data\CodeBuilder\ZT.CodeBuilder.MssqlAccess\ZT.CodeBuilder.MssqlAccess.csproj", "{A091CCBC-F898-499A-9D9D-300485212A81}"
EndProject
Project("{FAE04EC0-301F-11D3-BF4B-00C04F79EFBC}") = "OpaqueLayer", "..\PrivateLibrary\ZT.Data\CodeBuilder\OpaqueLayer\OpaqueLayer.csproj", "{AACD3BC6-2E15-4A43-B1A4-45526834265E}"
EndProject
Project("{2150E333-8FDC-42A3-9474-1A3956D46DE8}") = "NHibernate", "NHibernate", "{0D1AEC6A-D244-4EAC-AD83-932A768A2027}"
EndProject
Project("{FAE04EC0-301F-11D3-BF4B-00C04F79EFBC}") = "NH.Dal", "..\PrivateLibrary\ZT.Data\NHibernate\NH.Dal\NH.Dal.csproj", "{29E8AE54-27E2-4395-BABA-F34F8A8374EA}"
EndProject
Project("{FAE04EC0-301F-11D3-BF4B-00C04F79EFBC}") = "NHEntity", "..\PrivateLibrary\ZT.Data\NHibernate\NHEntity.Entities\NHEntity.csproj", "{2D85EACF-3D47-4E6B-A45A-A9C729C49033}"
EndProject
Project("{2150E333-8FDC-42A3-9474-1A3956D46DE8}") = "Document", "Document", "{02F44999-3CA1-4404-812A-1288441F2211}"
EndProject
Project("{FAE04EC0-301F-11D3-BF4B-00C04F79EFBC}") = "WebResource", "..\document\WebResource\WebResource.csproj", "{C12293FF-981D-4FBE-9179-EAD15221EAC3}"
EndProject
Project("{FAE04EC0-301F-11D3-BF4B-00C04F79EFBC}") = "ZT.Api", "..\PrivateLibrary\ZT.Api\ZT.Api.csproj", "{1EFA69DF-DF56-4597-9439-B5F4A69962DD}"
EndProject
Global
	GlobalSection(SolutionConfigurationPlatforms) = preSolution
		Debug|Any CPU = Debug|Any CPU
		Debug|Mixed Platforms = Debug|Mixed Platforms
		Debug|x86 = Debug|x86
		Release|Any CPU = Release|Any CPU
		Release|Mixed Platforms = Release|Mixed Platforms
		Release|x86 = Release|x86
	EndGlobalSection
	GlobalSection(ProjectConfigurationPlatforms) = postSolution
		{0DA38FF3-A758-49CF-8E07-26F5DDAF9D64}.Debug|Any CPU.ActiveCfg = Debug|Any CPU
		{0DA38FF3-A758-49CF-8E07-26F5DDAF9D64}.Debug|Any CPU.Build.0 = Debug|Any CPU
		{0DA38FF3-A758-49CF-8E07-26F5DDAF9D64}.Debug|Mixed Platforms.ActiveCfg = Debug|Any CPU
		{0DA38FF3-A758-49CF-8E07-26F5DDAF9D64}.Debug|Mixed Platforms.Build.0 = Debug|Any CPU
		{0DA38FF3-A758-49CF-8E07-26F5DDAF9D64}.Debug|x86.ActiveCfg = Debug|Any CPU
		{0DA38FF3-A758-49CF-8E07-26F5DDAF9D64}.Release|Any CPU.ActiveCfg = Release|Any CPU
		{0DA38FF3-A758-49CF-8E07-26F5DDAF9D64}.Release|Any CPU.Build.0 = Release|Any CPU
		{0DA38FF3-A758-49CF-8E07-26F5DDAF9D64}.Release|Mixed Platforms.ActiveCfg = Release|Any CPU
		{0DA38FF3-A758-49CF-8E07-26F5DDAF9D64}.Release|Mixed Platforms.Build.0 = Release|Any CPU
		{0DA38FF3-A758-49CF-8E07-26F5DDAF9D64}.Release|x86.ActiveCfg = Release|Any CPU
		{A93FA95F-745F-4E11-9BAF-F4255AE4437C}.Debug|Any CPU.ActiveCfg = Debug|Any CPU
		{A93FA95F-745F-4E11-9BAF-F4255AE4437C}.Debug|Any CPU.Build.0 = Debug|Any CPU
		{A93FA95F-745F-4E11-9BAF-F4255AE4437C}.Debug|Mixed Platforms.ActiveCfg = Debug|Any CPU
		{A93FA95F-745F-4E11-9BAF-F4255AE4437C}.Debug|Mixed Platforms.Build.0 = Debug|Any CPU
		{A93FA95F-745F-4E11-9BAF-F4255AE4437C}.Debug|x86.ActiveCfg = Debug|Any CPU
		{A93FA95F-745F-4E11-9BAF-F4255AE4437C}.Release|Any CPU.ActiveCfg = Release|Any CPU
		{A93FA95F-745F-4E11-9BAF-F4255AE4437C}.Release|Any CPU.Build.0 = Release|Any CPU
		{A93FA95F-745F-4E11-9BAF-F4255AE4437C}.Release|Mixed Platforms.ActiveCfg = Release|Any CPU
		{A93FA95F-745F-4E11-9BAF-F4255AE4437C}.Release|Mixed Platforms.Build.0 = Release|Any CPU
		{A93FA95F-745F-4E11-9BAF-F4255AE4437C}.Release|x86.ActiveCfg = Release|Any CPU
		{8A39F91F-2C4B-4051-8EEB-B89F771A403C}.Debug|Any CPU.ActiveCfg = Debug|Any CPU
		{8A39F91F-2C4B-4051-8EEB-B89F771A403C}.Debug|Any CPU.Build.0 = Debug|Any CPU
		{8A39F91F-2C4B-4051-8EEB-B89F771A403C}.Debug|Mixed Platforms.ActiveCfg = Debug|Any CPU
		{8A39F91F-2C4B-4051-8EEB-B89F771A403C}.Debug|Mixed Platforms.Build.0 = Debug|Any CPU
		{8A39F91F-2C4B-4051-8EEB-B89F771A403C}.Debug|x86.ActiveCfg = Debug|Any CPU
		{8A39F91F-2C4B-4051-8EEB-B89F771A403C}.Release|Any CPU.ActiveCfg = Release|Any CPU
		{8A39F91F-2C4B-4051-8EEB-B89F771A403C}.Release|Any CPU.Build.0 = Release|Any CPU
		{8A39F91F-2C4B-4051-8EEB-B89F771A403C}.Release|Mixed Platforms.ActiveCfg = Release|Any CPU
		{8A39F91F-2C4B-4051-8EEB-B89F771A403C}.Release|Mixed Platforms.Build.0 = Release|Any CPU
		{8A39F91F-2C4B-4051-8EEB-B89F771A403C}.Release|x86.ActiveCfg = Release|Any CPU
		{6B699857-8B14-4357-BA14-A8662A45DC5A}.Debug|Any CPU.ActiveCfg = Debug|Any CPU
		{6B699857-8B14-4357-BA14-A8662A45DC5A}.Debug|Any CPU.Build.0 = Debug|Any CPU
		{6B699857-8B14-4357-BA14-A8662A45DC5A}.Debug|Mixed Platforms.ActiveCfg = Debug|Any CPU
		{6B699857-8B14-4357-BA14-A8662A45DC5A}.Debug|Mixed Platforms.Build.0 = Debug|Any CPU
		{6B699857-8B14-4357-BA14-A8662A45DC5A}.Debug|x86.ActiveCfg = Debug|Any CPU
		{6B699857-8B14-4357-BA14-A8662A45DC5A}.Release|Any CPU.ActiveCfg = Release|Any CPU
		{6B699857-8B14-4357-BA14-A8662A45DC5A}.Release|Any CPU.Build.0 = Release|Any CPU
		{6B699857-8B14-4357-BA14-A8662A45DC5A}.Release|Mixed Platforms.ActiveCfg = Release|Any CPU
		{6B699857-8B14-4357-BA14-A8662A45DC5A}.Release|Mixed Platforms.Build.0 = Release|Any CPU
		{6B699857-8B14-4357-BA14-A8662A45DC5A}.Release|x86.ActiveCfg = Release|Any CPU
		{9D437BF4-3D92-471B-A739-C5E865144EAD}.Debug|Any CPU.ActiveCfg = Debug|Any CPU
		{9D437BF4-3D92-471B-A739-C5E865144EAD}.Debug|Any CPU.Build.0 = Debug|Any CPU
		{9D437BF4-3D92-471B-A739-C5E865144EAD}.Debug|Mixed Platforms.ActiveCfg = Debug|Any CPU
		{9D437BF4-3D92-471B-A739-C5E865144EAD}.Debug|Mixed Platforms.Build.0 = Debug|Any CPU
		{9D437BF4-3D92-471B-A739-C5E865144EAD}.Debug|x86.ActiveCfg = Debug|Any CPU
		{9D437BF4-3D92-471B-A739-C5E865144EAD}.Release|Any CPU.ActiveCfg = Release|Any CPU
		{9D437BF4-3D92-471B-A739-C5E865144EAD}.Release|Any CPU.Build.0 = Release|Any CPU
		{9D437BF4-3D92-471B-A739-C5E865144EAD}.Release|Mixed Platforms.ActiveCfg = Release|Any CPU
		{9D437BF4-3D92-471B-A739-C5E865144EAD}.Release|Mixed Platforms.Build.0 = Release|Any CPU
		{9D437BF4-3D92-471B-A739-C5E865144EAD}.Release|x86.ActiveCfg = Release|Any CPU
		{70BA38D0-4D44-406B-817E-6874280E4861}.Debug|Any CPU.ActiveCfg = Debug|Any CPU
		{70BA38D0-4D44-406B-817E-6874280E4861}.Debug|Any CPU.Build.0 = Debug|Any CPU
		{70BA38D0-4D44-406B-817E-6874280E4861}.Debug|Mixed Platforms.ActiveCfg = Debug|Any CPU
		{70BA38D0-4D44-406B-817E-6874280E4861}.Debug|Mixed Platforms.Build.0 = Debug|Any CPU
		{70BA38D0-4D44-406B-817E-6874280E4861}.Debug|x86.ActiveCfg = Debug|Any CPU
		{70BA38D0-4D44-406B-817E-6874280E4861}.Release|Any CPU.ActiveCfg = Release|Any CPU
		{70BA38D0-4D44-406B-817E-6874280E4861}.Release|Any CPU.Build.0 = Release|Any CPU
		{70BA38D0-4D44-406B-817E-6874280E4861}.Release|Mixed Platforms.ActiveCfg = Release|Any CPU
		{70BA38D0-4D44-406B-817E-6874280E4861}.Release|Mixed Platforms.Build.0 = Release|Any CPU
		{70BA38D0-4D44-406B-817E-6874280E4861}.Release|x86.ActiveCfg = Release|Any CPU
		{66FE7177-A904-4A21-B5F1-0A52B4103E6A}.Debug|Any CPU.ActiveCfg = Debug|Any CPU
		{66FE7177-A904-4A21-B5F1-0A52B4103E6A}.Debug|Any CPU.Build.0 = Debug|Any CPU
		{66FE7177-A904-4A21-B5F1-0A52B4103E6A}.Debug|Mixed Platforms.ActiveCfg = Debug|Any CPU
		{66FE7177-A904-4A21-B5F1-0A52B4103E6A}.Debug|Mixed Platforms.Build.0 = Debug|Any CPU
		{66FE7177-A904-4A21-B5F1-0A52B4103E6A}.Debug|x86.ActiveCfg = Debug|Any CPU
		{66FE7177-A904-4A21-B5F1-0A52B4103E6A}.Release|Any CPU.ActiveCfg = Release|Any CPU
		{66FE7177-A904-4A21-B5F1-0A52B4103E6A}.Release|Any CPU.Build.0 = Release|Any CPU
		{66FE7177-A904-4A21-B5F1-0A52B4103E6A}.Release|Mixed Platforms.ActiveCfg = Release|Any CPU
		{66FE7177-A904-4A21-B5F1-0A52B4103E6A}.Release|Mixed Platforms.Build.0 = Release|Any CPU
		{66FE7177-A904-4A21-B5F1-0A52B4103E6A}.Release|x86.ActiveCfg = Release|Any CPU
		{A091CCBC-F898-499A-9D9D-300485212A81}.Debug|Any CPU.ActiveCfg = Debug|x86
		{A091CCBC-F898-499A-9D9D-300485212A81}.Debug|Mixed Platforms.ActiveCfg = Debug|x86
		{A091CCBC-F898-499A-9D9D-300485212A81}.Debug|Mixed Platforms.Build.0 = Debug|x86
		{A091CCBC-F898-499A-9D9D-300485212A81}.Debug|x86.ActiveCfg = Debug|x86
		{A091CCBC-F898-499A-9D9D-300485212A81}.Debug|x86.Build.0 = Debug|x86
		{A091CCBC-F898-499A-9D9D-300485212A81}.Release|Any CPU.ActiveCfg = Release|x86
		{A091CCBC-F898-499A-9D9D-300485212A81}.Release|Mixed Platforms.ActiveCfg = Release|x86
		{A091CCBC-F898-499A-9D9D-300485212A81}.Release|Mixed Platforms.Build.0 = Release|x86
		{A091CCBC-F898-499A-9D9D-300485212A81}.Release|x86.ActiveCfg = Release|x86
		{A091CCBC-F898-499A-9D9D-300485212A81}.Release|x86.Build.0 = Release|x86
		{AACD3BC6-2E15-4A43-B1A4-45526834265E}.Debug|Any CPU.ActiveCfg = Debug|Any CPU
		{AACD3BC6-2E15-4A43-B1A4-45526834265E}.Debug|Any CPU.Build.0 = Debug|Any CPU
		{AACD3BC6-2E15-4A43-B1A4-45526834265E}.Debug|Mixed Platforms.ActiveCfg = Debug|Any CPU
		{AACD3BC6-2E15-4A43-B1A4-45526834265E}.Debug|Mixed Platforms.Build.0 = Debug|Any CPU
		{AACD3BC6-2E15-4A43-B1A4-45526834265E}.Debug|x86.ActiveCfg = Debug|Any CPU
		{AACD3BC6-2E15-4A43-B1A4-45526834265E}.Release|Any CPU.ActiveCfg = Release|Any CPU
		{AACD3BC6-2E15-4A43-B1A4-45526834265E}.Release|Any CPU.Build.0 = Release|Any CPU
		{AACD3BC6-2E15-4A43-B1A4-45526834265E}.Release|Mixed Platforms.ActiveCfg = Release|Any CPU
		{AACD3BC6-2E15-4A43-B1A4-45526834265E}.Release|Mixed Platforms.Build.0 = Release|Any CPU
		{AACD3BC6-2E15-4A43-B1A4-45526834265E}.Release|x86.ActiveCfg = Release|Any CPU
		{29E8AE54-27E2-4395-BABA-F34F8A8374EA}.Debug|Any CPU.ActiveCfg = Debug|Any CPU
		{29E8AE54-27E2-4395-BABA-F34F8A8374EA}.Debug|Any CPU.Build.0 = Debug|Any CPU
		{29E8AE54-27E2-4395-BABA-F34F8A8374EA}.Debug|Mixed Platforms.ActiveCfg = Debug|Any CPU
		{29E8AE54-27E2-4395-BABA-F34F8A8374EA}.Debug|Mixed Platforms.Build.0 = Debug|Any CPU
		{29E8AE54-27E2-4395-BABA-F34F8A8374EA}.Debug|x86.ActiveCfg = Debug|Any CPU
		{29E8AE54-27E2-4395-BABA-F34F8A8374EA}.Release|Any CPU.ActiveCfg = Release|Any CPU
		{29E8AE54-27E2-4395-BABA-F34F8A8374EA}.Release|Any CPU.Build.0 = Release|Any CPU
		{29E8AE54-27E2-4395-BABA-F34F8A8374EA}.Release|Mixed Platforms.ActiveCfg = Release|Any CPU
		{29E8AE54-27E2-4395-BABA-F34F8A8374EA}.Release|Mixed Platforms.Build.0 = Release|Any CPU
		{29E8AE54-27E2-4395-BABA-F34F8A8374EA}.Release|x86.ActiveCfg = Release|Any CPU
		{2D85EACF-3D47-4E6B-A45A-A9C729C49033}.Debug|Any CPU.ActiveCfg = Debug|Any CPU
		{2D85EACF-3D47-4E6B-A45A-A9C729C49033}.Debug|Any CPU.Build.0 = Debug|Any CPU
		{2D85EACF-3D47-4E6B-A45A-A9C729C49033}.Debug|Mixed Platforms.ActiveCfg = Debug|Any CPU
		{2D85EACF-3D47-4E6B-A45A-A9C729C49033}.Debug|Mixed Platforms.Build.0 = Debug|Any CPU
		{2D85EACF-3D47-4E6B-A45A-A9C729C49033}.Debug|x86.ActiveCfg = Debug|Any CPU
		{2D85EACF-3D47-4E6B-A45A-A9C729C49033}.Release|Any CPU.ActiveCfg = Release|Any CPU
		{2D85EACF-3D47-4E6B-A45A-A9C729C49033}.Release|Any CPU.Build.0 = Release|Any CPU
		{2D85EACF-3D47-4E6B-A45A-A9C729C49033}.Release|Mixed Platforms.ActiveCfg = Release|Any CPU
		{2D85EACF-3D47-4E6B-A45A-A9C729C49033}.Release|Mixed Platforms.Build.0 = Release|Any CPU
		{2D85EACF-3D47-4E6B-A45A-A9C729C49033}.Release|x86.ActiveCfg = Release|Any CPU
		{C12293FF-981D-4FBE-9179-EAD15221EAC3}.Debug|Any CPU.ActiveCfg = Debug|Any CPU
		{C12293FF-981D-4FBE-9179-EAD15221EAC3}.Debug|Any CPU.Build.0 = Debug|Any CPU
		{C12293FF-981D-4FBE-9179-EAD15221EAC3}.Debug|Mixed Platforms.ActiveCfg = Debug|Any CPU
		{C12293FF-981D-4FBE-9179-EAD15221EAC3}.Debug|Mixed Platforms.Build.0 = Debug|Any CPU
		{C12293FF-981D-4FBE-9179-EAD15221EAC3}.Debug|x86.ActiveCfg = Debug|Any CPU
		{C12293FF-981D-4FBE-9179-EAD15221EAC3}.Release|Any CPU.ActiveCfg = Release|Any CPU
		{C12293FF-981D-4FBE-9179-EAD15221EAC3}.Release|Any CPU.Build.0 = Release|Any CPU
		{C12293FF-981D-4FBE-9179-EAD15221EAC3}.Release|Mixed Platforms.ActiveCfg = Release|Any CPU
		{C12293FF-981D-4FBE-9179-EAD15221EAC3}.Release|Mixed Platforms.Build.0 = Release|Any CPU
		{C12293FF-981D-4FBE-9179-EAD15221EAC3}.Release|x86.ActiveCfg = Release|Any CPU
		{1EFA69DF-DF56-4597-9439-B5F4A69962DD}.Debug|Any CPU.ActiveCfg = Debug|Any CPU
		{1EFA69DF-DF56-4597-9439-B5F4A69962DD}.Debug|Any CPU.Build.0 = Debug|Any CPU
		{1EFA69DF-DF56-4597-9439-B5F4A69962DD}.Debug|Mixed Platforms.ActiveCfg = Debug|Any CPU
		{1EFA69DF-DF56-4597-9439-B5F4A69962DD}.Debug|Mixed Platforms.Build.0 = Debug|Any CPU
		{1EFA69DF-DF56-4597-9439-B5F4A69962DD}.Debug|x86.ActiveCfg = Debug|Any CPU
		{1EFA69DF-DF56-4597-9439-B5F4A69962DD}.Release|Any CPU.ActiveCfg = Release|Any CPU
		{1EFA69DF-DF56-4597-9439-B5F4A69962DD}.Release|Any CPU.Build.0 = Release|Any CPU
		{1EFA69DF-DF56-4597-9439-B5F4A69962DD}.Release|Mixed Platforms.ActiveCfg = Release|Any CPU
		{1EFA69DF-DF56-4597-9439-B5F4A69962DD}.Release|Mixed Platforms.Build.0 = Release|Any CPU
		{1EFA69DF-DF56-4597-9439-B5F4A69962DD}.Release|x86.ActiveCfg = Release|Any CPU
	EndGlobalSection
	GlobalSection(SolutionProperties) = preSolution
		HideSolutionNode = FALSE
	EndGlobalSection
	GlobalSection(NestedProjects) = preSolution
		{0DA38FF3-A758-49CF-8E07-26F5DDAF9D64} = {638D36DA-B298-44A8-816C-FA264828CF0D}
		{1EFA69DF-DF56-4597-9439-B5F4A69962DD} = {638D36DA-B298-44A8-816C-FA264828CF0D}
		{B46BE2A5-B5E7-4A47-ACE1-85EBCF8A5FF7} = {9DFABA50-A050-494F-9C1A-35D48EBA8305}
		{6C4E1831-6DE1-437B-8772-DD16C949ABCC} = {9DFABA50-A050-494F-9C1A-35D48EBA8305}
		{270BDB77-8346-41A9-AF5B-2ECA81AA6707} = {9DFABA50-A050-494F-9C1A-35D48EBA8305}
		{0D1AEC6A-D244-4EAC-AD83-932A768A2027} = {9DFABA50-A050-494F-9C1A-35D48EBA8305}
		{8A39F91F-2C4B-4051-8EEB-B89F771A403C} = {FD5F095E-E098-48B7-9F66-B8F47139310A}
		{A93FA95F-745F-4E11-9BAF-F4255AE4437C} = {B46BE2A5-B5E7-4A47-ACE1-85EBCF8A5FF7}
		{9D437BF4-3D92-471B-A739-C5E865144EAD} = {B46BE2A5-B5E7-4A47-ACE1-85EBCF8A5FF7}
		{70BA38D0-4D44-406B-817E-6874280E4861} = {B46BE2A5-B5E7-4A47-ACE1-85EBCF8A5FF7}
		{6B699857-8B14-4357-BA14-A8662A45DC5A} = {6C4E1831-6DE1-437B-8772-DD16C949ABCC}
		{A091CCBC-F898-499A-9D9D-300485212A81} = {270BDB77-8346-41A9-AF5B-2ECA81AA6707}
		{AACD3BC6-2E15-4A43-B1A4-45526834265E} = {270BDB77-8346-41A9-AF5B-2ECA81AA6707}
		{66FE7177-A904-4A21-B5F1-0A52B4103E6A} = {5F2B6BEB-B656-44CA-A520-E29BD85A9599}
		{29E8AE54-27E2-4395-BABA-F34F8A8374EA} = {0D1AEC6A-D244-4EAC-AD83-932A768A2027}
		{2D85EACF-3D47-4E6B-A45A-A9C729C49033} = {0D1AEC6A-D244-4EAC-AD83-932A768A2027}
		{C12293FF-981D-4FBE-9179-EAD15221EAC3} = {02F44999-3CA1-4404-812A-1288441F2211}
	EndGlobalSection
EndGlobal
